
Microsoft Visual Studio Solution File, Format Version 12.00
# Visual Studio Version 17
VisualStudioVersion = 17.5.002.0
MinimumVisualStudioVersion = 10.0.40219.1
Project("{9A19103F-16F7-4668-BE54-9A1E7A4F7556}") = "agile-api", "agile-api.csproj", "{93E40C15-B107-4C92-B4C1-2CC94FF6A6A7}"
EndProject
Global
	GlobalSection(SolutionConfigurationPlatforms) = preSolution
		Debug|Any CPU = Debug|Any CPU
		Release|Any CPU = Release|Any CPU
	EndGlobalSection
	GlobalSection(ProjectConfigurationPlatforms) = postSolution
		{93E40C15-B107-4C92-B4C1-2CC94FF6A6A7}.Debug|Any CPU.ActiveCfg = Debug|Any CPU
		{93E40C15-B107-4C92-B4C1-2CC94FF6A6A7}.Debug|Any CPU.Build.0 = Debug|Any CPU
		{93E40C15-B107-4C92-B4C1-2CC94FF6A6A7}.Release|Any CPU.ActiveCfg = Release|Any CPU
		{93E40C15-B107-4C92-B4C1-2CC94FF6A6A7}.Release|Any CPU.Build.0 = Release|Any CPU
	EndGlobalSection
	GlobalSection(SolutionProperties) = preSolution
		HideSolutionNode = FALSE
	EndGlobalSection
	GlobalSection(ExtensibilityGlobals) = postSolution
		SolutionGuid = {5A37BB4F-844F-4550-9E16-00671186E6F9}
	EndGlobalSection
EndGlobal
